
Microsoft Visual Studio Solution File, Format Version 12.00
# Visual Studio Version 16
VisualStudioVersion = 16.0.31624.102
MinimumVisualStudioVersion = 10.0.40219.1
Project("{8BC9CEB8-8B4A-11D0-8D11-00A0C91BC942}") = "liczbapierwsza", "liczbapierwsza.vcxproj", "{432B25A7-F3D2-413B-B5F8-0A80425E4B78}"
EndProject
Global
	GlobalSection(SolutionConfigurationPlatforms) = preSolution
		Debug|x64 = Debug|x64
		Debug|x86 = Debug|x86
		Release|x64 = Release|x64
		Release|x86 = Release|x86
	EndGlobalSection
	GlobalSection(ProjectConfigurationPlatforms) = postSolution
		{432B25A7-F3D2-413B-B5F8-0A80425E4B78}.Debug|x64.ActiveCfg = Debug|x64
		{432B25A7-F3D2-413B-B5F8-0A80425E4B78}.Debug|x64.Build.0 = Debug|x64
		{432B25A7-F3D2-413B-B5F8-0A80425E4B78}.Debug|x86.ActiveCfg = Debug|Win32
		{432B25A7-F3D2-413B-B5F8-0A80425E4B78}.Debug|x86.Build.0 = Debug|Win32
		{432B25A7-F3D2-413B-B5F8-0A80425E4B78}.Release|x64.ActiveCfg = Release|x64
		{432B25A7-F3D2-413B-B5F8-0A80425E4B78}.Release|x64.Build.0 = Release|x64
		{432B25A7-F3D2-413B-B5F8-0A80425E4B78}.Release|x86.ActiveCfg = Release|Win32
		{432B25A7-F3D2-413B-B5F8-0A80425E4B78}.Release|x86.Build.0 = Release|Win32
	EndGlobalSection
	GlobalSection(SolutionProperties) = preSolution
		HideSolutionNode = FALSE
	EndGlobalSection
	GlobalSection(ExtensibilityGlobals) = postSolution
		SolutionGuid = {061BC4E4-BA45-4CD4-91A5-AA89EB579BFF}
	EndGlobalSection
EndGlobal
